
Microsoft Visual Studio Solution File, Format Version 12.00
# Visual Studio Version 17
VisualStudioVersion = 17.0.31903.59
MinimumVisualStudioVersion = 10.0.40219.1
Project("{2150E333-8FDC-42A3-9474-1A3956D46DE8}") = "src", "src", "{827E0CD3-B72D-47B6-A68D-7590B98EB39B}"
EndProject
Project("{FAE04EC0-301F-11D3-BF4B-00C04F79EFBC}") = "CategorizeIt.API", "src\CategorizeIt.API\CategorizeIt.API.csproj", "{28E4ED3C-B2B3-435C-8CF8-1D1A3DDD1262}"
EndProject
Project("{FAE04EC0-301F-11D3-BF4B-00C04F79EFBC}") = "CategorizeIt.Application", "src\CategorizeIt.Application\CategorizeIt.Application.csproj", "{4BD6FBA9-D7FB-488D-A285-3DB338878CFF}"
EndProject
Project("{FAE04EC0-301F-11D3-BF4B-00C04F79EFBC}") = "CategorizeIt.Domain", "src\CategorizeIt.Domain\CategorizeIt.Domain.csproj", "{080D7573-050E-4F6B-8F3F-1B2DC3534822}"
EndProject
Project("{FAE04EC0-301F-11D3-BF4B-00C04F79EFBC}") = "CategorizeIt.Infrastructure", "src\CategorizeIt.Infrastructure\CategorizeIt.Infrastructure.csproj", "{5DDA177C-21BC-48D4-889D-691E8600FC74}"
EndProject
Project("{2150E333-8FDC-42A3-9474-1A3956D46DE8}") = "tests", "tests", "{0AB3BF05-4346-4AA6-1389-037BE0695223}"
EndProject
Project("{FAE04EC0-301F-11D3-BF4B-00C04F79EFBC}") = "CategorizeIt.Domain.Tests", "tests\CategorizeIt.Domain.Tests\CategorizeIt.Domain.Tests.csproj", "{2A91A881-3155-4E2B-928A-16B0E23A99BA}"
EndProject
Project("{FAE04EC0-301F-11D3-BF4B-00C04F79EFBC}") = "CategorizeIt.Application.Tests", "tests\CategorizeIt.Application.Tests\CategorizeIt.Application.Tests.csproj", "{FB9BA5A3-C89C-40BE-A644-2AEEE9BAC371}"
EndProject
Project("{FAE04EC0-301F-11D3-BF4B-00C04F79EFBC}") = "CategorizeIt.Infrastructure.Tests", "tests\CategorizeIt.Infrastructure.Tests\CategorizeIt.Infrastructure.Tests.csproj", "{DD3D0792-6383-4CD4-BBAB-4C8D97BA778D}"
EndProject
Global
	GlobalSection(SolutionConfigurationPlatforms) = preSolution
		Debug|Any CPU = Debug|Any CPU
		Debug|x64 = Debug|x64
		Debug|x86 = Debug|x86
		Release|Any CPU = Release|Any CPU
		Release|x64 = Release|x64
		Release|x86 = Release|x86
	EndGlobalSection
	GlobalSection(ProjectConfigurationPlatforms) = postSolution
		{28E4ED3C-B2B3-435C-8CF8-1D1A3DDD1262}.Debug|Any CPU.ActiveCfg = Debug|Any CPU
		{28E4ED3C-B2B3-435C-8CF8-1D1A3DDD1262}.Debug|Any CPU.Build.0 = Debug|Any CPU
		{28E4ED3C-B2B3-435C-8CF8-1D1A3DDD1262}.Debug|x64.ActiveCfg = Debug|Any CPU
		{28E4ED3C-B2B3-435C-8CF8-1D1A3DDD1262}.Debug|x64.Build.0 = Debug|Any CPU
		{28E4ED3C-B2B3-435C-8CF8-1D1A3DDD1262}.Debug|x86.ActiveCfg = Debug|Any CPU
		{28E4ED3C-B2B3-435C-8CF8-1D1A3DDD1262}.Debug|x86.Build.0 = Debug|Any CPU
		{28E4ED3C-B2B3-435C-8CF8-1D1A3DDD1262}.Release|Any CPU.ActiveCfg = Release|Any CPU
		{28E4ED3C-B2B3-435C-8CF8-1D1A3DDD1262}.Release|Any CPU.Build.0 = Release|Any CPU
		{28E4ED3C-B2B3-435C-8CF8-1D1A3DDD1262}.Release|x64.ActiveCfg = Release|Any CPU
		{28E4ED3C-B2B3-435C-8CF8-1D1A3DDD1262}.Release|x64.Build.0 = Release|Any CPU
		{28E4ED3C-B2B3-435C-8CF8-1D1A3DDD1262}.Release|x86.ActiveCfg = Release|Any CPU
		{28E4ED3C-B2B3-435C-8CF8-1D1A3DDD1262}.Release|x86.Build.0 = Release|Any CPU
		{4BD6FBA9-D7FB-488D-A285-3DB338878CFF}.Debug|Any CPU.ActiveCfg = Debug|Any CPU
		{4BD6FBA9-D7FB-488D-A285-3DB338878CFF}.Debug|Any CPU.Build.0 = Debug|Any CPU
		{4BD6FBA9-D7FB-488D-A285-3DB338878CFF}.Debug|x64.ActiveCfg = Debug|Any CPU
		{4BD6FBA9-D7FB-488D-A285-3DB338878CFF}.Debug|x64.Build.0 = Debug|Any CPU
		{4BD6FBA9-D7FB-488D-A285-3DB338878CFF}.Debug|x86.ActiveCfg = Debug|Any CPU
		{4BD6FBA9-D7FB-488D-A285-3DB338878CFF}.Debug|x86.Build.0 = Debug|Any CPU
		{4BD6FBA9-D7FB-488D-A285-3DB338878CFF}.Release|Any CPU.ActiveCfg = Release|Any CPU
		{4BD6FBA9-D7FB-488D-A285-3DB338878CFF}.Release|Any CPU.Build.0 = Release|Any CPU
		{4BD6FBA9-D7FB-488D-A285-3DB338878CFF}.Release|x64.ActiveCfg = Release|Any CPU
		{4BD6FBA9-D7FB-488D-A285-3DB338878CFF}.Release|x64.Build.0 = Release|Any CPU
		{4BD6FBA9-D7FB-488D-A285-3DB338878CFF}.Release|x86.ActiveCfg = Release|Any CPU
		{4BD6FBA9-D7FB-488D-A285-3DB338878CFF}.Release|x86.Build.0 = Release|Any CPU
		{080D7573-050E-4F6B-8F3F-1B2DC3534822}.Debug|Any CPU.ActiveCfg = Debug|Any CPU
		{080D7573-050E-4F6B-8F3F-1B2DC3534822}.Debug|Any CPU.Build.0 = Debug|Any CPU
		{080D7573-050E-4F6B-8F3F-1B2DC3534822}.Debug|x64.ActiveCfg = Debug|Any CPU
		{080D7573-050E-4F6B-8F3F-1B2DC3534822}.Debug|x64.Build.0 = Debug|Any CPU
		{080D7573-050E-4F6B-8F3F-1B2DC3534822}.Debug|x86.ActiveCfg = Debug|Any CPU
		{080D7573-050E-4F6B-8F3F-1B2DC3534822}.Debug|x86.Build.0 = Debug|Any CPU
		{080D7573-050E-4F6B-8F3F-1B2DC3534822}.Release|Any CPU.ActiveCfg = Release|Any CPU
		{080D7573-050E-4F6B-8F3F-1B2DC3534822}.Release|Any CPU.Build.0 = Release|Any CPU
		{080D7573-050E-4F6B-8F3F-1B2DC3534822}.Release|x64.ActiveCfg = Release|Any CPU
		{080D7573-050E-4F6B-8F3F-1B2DC3534822}.Release|x64.Build.0 = Release|Any CPU
		{080D7573-050E-4F6B-8F3F-1B2DC3534822}.Release|x86.ActiveCfg = Release|Any CPU
		{080D7573-050E-4F6B-8F3F-1B2DC3534822}.Release|x86.Build.0 = Release|Any CPU
		{5DDA177C-21BC-48D4-889D-691E8600FC74}.Debug|Any CPU.ActiveCfg = Debug|Any CPU
		{5DDA177C-21BC-48D4-889D-691E8600FC74}.Debug|Any CPU.Build.0 = Debug|Any CPU
		{5DDA177C-21BC-48D4-889D-691E8600FC74}.Debug|x64.ActiveCfg = Debug|Any CPU
		{5DDA177C-21BC-48D4-889D-691E8600FC74}.Debug|x64.Build.0 = Debug|Any CPU
		{5DDA177C-21BC-48D4-889D-691E8600FC74}.Debug|x86.ActiveCfg = Debug|Any CPU
		{5DDA177C-21BC-48D4-889D-691E8600FC74}.Debug|x86.Build.0 = Debug|Any CPU
		{5DDA177C-21BC-48D4-889D-691E8600FC74}.Release|Any CPU.ActiveCfg = Release|Any CPU
		{5DDA177C-21BC-48D4-889D-691E8600FC74}.Release|Any CPU.Build.0 = Release|Any CPU
		{5DDA177C-21BC-48D4-889D-691E8600FC74}.Release|x64.ActiveCfg = Release|Any CPU
		{5DDA177C-21BC-48D4-889D-691E8600FC74}.Release|x64.Build.0 = Release|Any CPU
		{5DDA177C-21BC-48D4-889D-691E8600FC74}.Release|x86.ActiveCfg = Release|Any CPU
		{5DDA177C-21BC-48D4-889D-691E8600FC74}.Release|x86.Build.0 = Release|Any CPU
		{2A91A881-3155-4E2B-928A-16B0E23A99BA}.Debug|Any CPU.ActiveCfg = Debug|Any CPU
		{2A91A881-3155-4E2B-928A-16B0E23A99BA}.Debug|Any CPU.Build.0 = Debug|Any CPU
		{2A91A881-3155-4E2B-928A-16B0E23A99BA}.Debug|x64.ActiveCfg = Debug|Any CPU
		{2A91A881-3155-4E2B-928A-16B0E23A99BA}.Debug|x64.Build.0 = Debug|Any CPU
		{2A91A881-3155-4E2B-928A-16B0E23A99BA}.Debug|x86.ActiveCfg = Debug|Any CPU
		{2A91A881-3155-4E2B-928A-16B0E23A99BA}.Debug|x86.Build.0 = Debug|Any CPU
		{2A91A881-3155-4E2B-928A-16B0E23A99BA}.Release|Any CPU.ActiveCfg = Release|Any CPU
		{2A91A881-3155-4E2B-928A-16B0E23A99BA}.Release|Any CPU.Build.0 = Release|Any CPU
		{2A91A881-3155-4E2B-928A-16B0E23A99BA}.Release|x64.ActiveCfg = Release|Any CPU
		{2A91A881-3155-4E2B-928A-16B0E23A99BA}.Release|x64.Build.0 = Release|Any CPU
		{2A91A881-3155-4E2B-928A-16B0E23A99BA}.Release|x86.ActiveCfg = Release|Any CPU
		{2A91A881-3155-4E2B-928A-16B0E23A99BA}.Release|x86.Build.0 = Release|Any CPU
		{FB9BA5A3-C89C-40BE-A644-2AEEE9BAC371}.Debug|Any CPU.ActiveCfg = Debug|Any CPU
		{FB9BA5A3-C89C-40BE-A644-2AEEE9BAC371}.Debug|Any CPU.Build.0 = Debug|Any CPU
		{FB9BA5A3-C89C-40BE-A644-2AEEE9BAC371}.Debug|x64.ActiveCfg = Debug|Any CPU
		{FB9BA5A3-C89C-40BE-A644-2AEEE9BAC371}.Debug|x64.Build.0 = Debug|Any CPU
		{FB9BA5A3-C89C-40BE-A644-2AEEE9BAC371}.Debug|x86.ActiveCfg = Debug|Any CPU
		{FB9BA5A3-C89C-40BE-A644-2AEEE9BAC371}.Debug|x86.Build.0 = Debug|Any CPU
		{FB9BA5A3-C89C-40BE-A644-2AEEE9BAC371}.Release|Any CPU.ActiveCfg = Release|Any CPU
		{FB9BA5A3-C89C-40BE-A644-2AEEE9BAC371}.Release|Any CPU.Build.0 = Release|Any CPU
		{FB9BA5A3-C89C-40BE-A644-2AEEE9BAC371}.Release|x64.ActiveCfg = Release|Any CPU
		{FB9BA5A3-C89C-40BE-A644-2AEEE9BAC371}.Release|x64.Build.0 = Release|Any CPU
		{FB9BA5A3-C89C-40BE-A644-2AEEE9BAC371}.Release|x86.ActiveCfg = Release|Any CPU
		{FB9BA5A3-C89C-40BE-A644-2AEEE9BAC371}.Release|x86.Build.0 = Release|Any CPU
		{DD3D0792-6383-4CD4-BBAB-4C8D97BA778D}.Debug|Any CPU.ActiveCfg = Debug|Any CPU
		{DD3D0792-6383-4CD4-BBAB-4C8D97BA778D}.Debug|Any CPU.Build.0 = Debug|Any CPU
		{DD3D0792-6383-4CD4-BBAB-4C8D97BA778D}.Debug|x64.ActiveCfg = Debug|Any CPU
		{DD3D0792-6383-4CD4-BBAB-4C8D97BA778D}.Debug|x64.Build.0 = Debug|Any CPU
		{DD3D0792-6383-4CD4-BBAB-4C8D97BA778D}.Debug|x86.ActiveCfg = Debug|Any CPU
		{DD3D0792-6383-4CD4-BBAB-4C8D97BA778D}.Debug|x86.Build.0 = Debug|Any CPU
		{DD3D0792-6383-4CD4-BBAB-4C8D97BA778D}.Release|Any CPU.ActiveCfg = Release|Any CPU
		{DD3D0792-6383-4CD4-BBAB-4C8D97BA778D}.Release|Any CPU.Build.0 = Release|Any CPU
		{DD3D0792-6383-4CD4-BBAB-4C8D97BA778D}.Release|x64.ActiveCfg = Release|Any CPU
		{DD3D0792-6383-4CD4-BBAB-4C8D97BA778D}.Release|x64.Build.0 = Release|Any CPU
		{DD3D0792-6383-4CD4-BBAB-4C8D97BA778D}.Release|x86.ActiveCfg = Release|Any CPU
		{DD3D0792-6383-4CD4-BBAB-4C8D97BA778D}.Release|x86.Build.0 = Release|Any CPU
	EndGlobalSection
	GlobalSection(SolutionProperties) = preSolution
		HideSolutionNode = FALSE
	EndGlobalSection
	GlobalSection(NestedProjects) = preSolution
		{28E4ED3C-B2B3-435C-8CF8-1D1A3DDD1262} = {827E0CD3-B72D-47B6-A68D-7590B98EB39B}
		{4BD6FBA9-D7FB-488D-A285-3DB338878CFF} = {827E0CD3-B72D-47B6-A68D-7590B98EB39B}
		{080D7573-050E-4F6B-8F3F-1B2DC3534822} = {827E0CD3-B72D-47B6-A68D-7590B98EB39B}
		{5DDA177C-21BC-48D4-889D-691E8600FC74} = {827E0CD3-B72D-47B6-A68D-7590B98EB39B}
		{2A91A881-3155-4E2B-928A-16B0E23A99BA} = {0AB3BF05-4346-4AA6-1389-037BE0695223}
		{FB9BA5A3-C89C-40BE-A644-2AEEE9BAC371} = {0AB3BF05-4346-4AA6-1389-037BE0695223}
		{DD3D0792-6383-4CD4-BBAB-4C8D97BA778D} = {0AB3BF05-4346-4AA6-1389-037BE0695223}
	EndGlobalSection
EndGlobal
